github.com/aws/aws-sdk-go-v2 v1.16.16/go.mod h1:SwiyXi/1zTUZ6KIAmLK5V5ll8SiURNUYOqTerZPaF9k=
github.com/aws/aws-sdk-go-v2 v1.17.1 h1:02c72fDJr87N8RAC2s3Qu0YuvMRZKNZJ9F+lAehCazk=
github.com/aws/aws-sdk-go-v2 v1.17.1/go.mod h1:JLnGeGONAyi2lWXI1p0PCIOIy333JMVK1U7Hf0aRFLw=
github.com/aws/aws-sdk-go-v2/aws/protocol/eventstream v1.4.9 h1:RKci2D7tMwpvGpDNZnGQw9wk6v7o/xSwFcUAuNPoB8k=
github.com/aws/aws-sdk-go-v2/aws/protocol/eventstream v1.4.9/go.mod h1:vCmV1q1VK8eoQJ5+aYE7PkK1K6v41qJ5pJdK3ggCDvg=
github.com/aws/aws-sdk-go-v2/credentials v1.12.21 h1:4tjlyCD0hRGNQivh5dN8hbP30qQhMLBE/FgQR1vHHWM=
github.com/aws/aws-sdk-go-v2/credentials v1.12.21/go.mod h1:O+4XyAt4e+oBAoIwNUYkRg3CVMscaIJdmZBOcPgJ8D8=
github.com/aws/aws-sdk-go-v2/feature/ec2/imds v1.12.17/go.mod h1:yIkQcCDYNsZfXpd5UX2Cy+sWA1jPgIhGTw9cOBzfVnQ=
github.com/aws/aws-sdk-go-v2/internal/configsources v1.1.23/go.mod h1:2DFxAQ9pfIRy0imBCJv+vZ2X6RKxves6fbnEuSry6b4=
github.com/aws/aws-sdk-go-v2/internal/configsources v1.1.25 h1:nBO/RFxeq/IS5G9Of+ZrgucRciie2qpLy++3UGZ+q2E=
github.com/aws/aws-sdk-go-v2/internal/configsources v1.1.25/go.mod h1:Zb29PYkf42vVYQY6pvSyJCJcFHlPIiY+YKdPtwnvMkY=
github.com/aws/aws-sdk-go-v2/internal/endpoints/v2 v2.4.17/go.mod h1:pRwaTYCJemADaqCbUAxltMoHKata7hmB5PjEXeu0kfg=
github.com/aws/aws-sdk-go-v2/internal/endpoints/v2 v2.4.19 h1:oRHDrwCTVT8ZXi4sr9Ld+EXk7N/KGssOr2ygNeojEhw=
github.com/aws/aws-sdk-go-v2/internal/endpoints/v2 v2.4.19/go.mod h1:6Q0546uHDp421okhmmGfbxzq2hBqbXFNpi4k+Q1JnQA=
github.com/aws/aws-sdk-go-v2/internal/v4a v1.0.16 h1:2EXB7dtGwRYIN3XQ9qwIW504DVbKIw3r89xQnonGdsQ=
github.com/aws/aws-sdk-go-v2/internal/v4a v1.0.16/go.mod h1:XH+3h395e3WVdd6T2Z3mPxuI+x/HVtdqVOREkTiyubs=
github.com/aws/aws-sdk-go-v2/service/cloudfront v1.20.5 h1:nLAPA7/DSmDWYP/MGtRNP6bHjiL8Fmyg8qeDxW90nm0=
github.com/aws/aws-sdk-go-v2/service/cloudfront v1.20.5/go.mod h1:HYQXu2AKM7RLCn3APoQ5EvL2N/RlI4LSNN8pIGbdaDQ=
github.com/aws/aws-sdk-go-v2/service/internal/accept-encoding v1.9.10 h1:dpiPHgmFstgkLG07KaYAewvuptq5kvo52xn7tVSrtrQ=
github.com/aws/aws-sdk-go-v2/service/internal/accept-encoding v1.9.10/go.mod h1:9cBNUHI2aW4ho0A5T87O294iPDuuUOSIEDjnd1Lq/z0=
github.com/aws/aws-sdk-go-v2/service/internal/checksum v1.1.20 h1:KSvtm1+fPXE0swe9GPjc6msyrdTT0LB/BP8eLugL1FI=
github.com/aws/aws-sdk-go-v2/service/internal/checksum v1.1.20/go.mod h1:Mp4XI/CkWGD79AQxZ5lIFlgvC0A+gl+4BmyG1F+SfNc=
github.com/aws/aws-sdk-go-v2/service/internal/presigned-url v1.9.17/go.mod h1:4nYOrY41Lrbk2170/BGkcJKBhws9Pfn8MG3aGqjjeFI=
github.com/aws/aws-sdk-go-v2/service/internal/presigned-url v1.9.19 h1:GE25AWCdNUPh9AOJzI9KIJnja7IwUc1WyUqz/JTyJ/I=
github.com/aws/aws-sdk-go-v2/service/internal/presigned-url v1.9.19/go.mod h1:02CP6iuYP+IVnBX5HULVdSAku/85eHB2Y9EsFhrkEwU=
github.com/aws/aws-sdk-go-v2/service/internal/s3shared v1.13.19 h1:piDBAaWkaxkkVV3xJJbTehXCZRXYs49kvpi/LG6LR2o=
github.com/aws/aws-sdk-go-v2/service/internal/s3shared v1.13.19/go.mod h1:BmQWRVkLTmyNzYPFAZgon53qKLWBNSvonugD1MrSWUs=
github.com/aws/aws-sdk-go-v2/service/s3 v1.29.1 h1:/EMdFPW/Ppieh0WUtQf1+qCGNLdsq5UWUyevBQ6vMVc=
github.com/aws/aws-sdk-go-v2/service/s3 v1.29.1/go.mod h1:/NHbqPRiwxSPVOB2Xr+StDEH+GWV/64WwnUjv4KYzV0=
github.com/aws/aws-sdk-go-v2/service/sso v1.11.23/go.mod h1:/w0eg9IhFGjGyyncHIQrXtU8wvNsTJOP0R6PPj0wf80=
github.com/aws/aws-sdk-go-v2/service/ssooidc v1.13.6/go.mod h1:csZuQY65DAdFBt1oIjO5hhBR49kQqop4+lcuCjf2arA=
github.com/aws/aws-sdk-go-v2/service/sts v1.16.19/go.mod h1:h4J3oPZQbxLhzGnk+j9dfYHi5qIOVJ5kczZd658/ydM=
github.com/aws/smithy-go v1.13.3/go.mod h1:Tg+OJXh4MB2R/uN61Ko2f6hTZwB/ZYGOtib8J3gBHzA=
github.com/aws/smithy-go v1.13.4 h1:/RN2z1txIJWeXeOkzX+Hk/4Uuvv7dWtCjbmVJcrskyk=
github.com/aws/smithy-go v1.13.4/go.mod h1:Tg+OJXh4MB2R/uN61Ko2f6hTZwB/ZYGOtib8J3gBHzA=
github.com/bep/helpers v0.4.0 h1:ab9veaAiWY4ST48Oxp5usaqivDmYdB744fz+tcZ3Ifs=
github.com/bep/helpers v0.4.0/go.mod h1:/QpHdmcPagDw7+RjkLFCvnlUc8lQ5kg4KDrEkb2Yyco=
github.com/creack/pty v1.1.9/go.mod h1:oKZEueFk5CKHvIhNR5MUki03XCEU+Q6VDXinZuGJ33E=
github.com/davecgh/go-spew v1.1.0/go.mod h1:J7Y8YcW2NihsgmVo/mv3lAwl/skON4iLHjSsI+c5H38=
github.com/davecgh/go-spew v1.1.1 h1:vj9j/u1bqnvCEfJOwUhtlOARqs3+rkHYY13jYWTU97c=
github.com/davecgh/go-spew v1.1.1/go.mod h1:J7Y8YcW2NihsgmVo/mv3lAwl/skON4iLHjSsI+c5H38=
github.com/dsnet/golib/memfile v1.0.0 h1:J9pUspY2bDCbF9o+YGwcf3uG6MdyITfh/Fk3/CaEiFs=
github.com/dsnet/golib/memfile v1.0.0/go.mod h1:tXGNW9q3RwvWt1VV2qrRKlSSz0npnh12yftCSCy2T64=
github.com/frankban/quicktest v1.14.3 h1:FJKSZTDHjyhriyC81FLQ0LY93eSai0ZyR/ZIkd3ZUKE=
github.com/frankban/quicktest v1.14.3/go.mod h1:mgiwOwqx65TmIk1wJ6Q7wvnVMocbUorkibMOrVTHZps=
github.com/google/go-cmp v0.5.7/go.mod h1:n+brtR0CgQNWTVd5ZUFpTBC8YFBDLK/h/bpaJ8/DtOE=
github.com/google/go-cmp v0.5.8 h1:e6P7q2lk1O+qJJb4BtCQXlK8vWEO8V1ZeuEdJNOqZyg=
github.com/google/go-cmp v0.5.8/go.mod h1:17dUlkBOakJ0+DkrSSNjCkIjxS6bF9zb3elmeNGIjoY=
github.com/jmespath/go-jmespath v0.4.0 h1:BEgLn5cpjn8UN1mAw4NjwDrS35OdebyEtFe+9YPoQUg=
github.com/jmespath/go-jmespath v0.4.0/go.mod h1:T8mJZnbsbmF+m6zOOFylbeCJqk5+pHWvzYPziyZiYoo=
github.com/jmespath/go-jmespath/internal/testify v1.5.1 h1:shLQSRRSCCPj3f2gpwzGwWFoC7ycTf1rcQZHOlsJ6N8=
github.com/jmespath/go-jmespath/internal/testify v1.5.1/go.mod h1:L3OGu8Wl2/fWfCI6z80xFu9LTZmf1ZRjMHUOPmWr69U=
github.com/kr/pretty v0.1.0/go.mod h1:dAy3ld7l9f0ibDNOQOHHMYYIIbhfbHSm3C4ZsoJORNo=
github.com/kr/pretty v0.3.0 h1:WgNl7dwNpEZ6jJ9k1snq4pZsg7DOEN8hP9Xw0Tsjwk0=
github.com/kr/pretty v0.3.0/go.mod h1:640gp4NfQd8pI5XOwp5fnNeVWj67G7CFk/SaSQn7NBk=
github.com/kr/pty v1.1.1/go.mod h1:pFQYn66WHrOpPYNljwOMqo10TkYh1fy3cYio2l3bCsQ=
github.com/kr/text v0.1.0/go.mod h1:4Jbv+DJW3UT/LiOwJeYQe1efqtUx/iVham/4vfdArNI=
github.com/kr/text v0.2.0 h1:5Nx0Ya0ZqY2ygV366QzturHI13Jq95ApcVaJBhpS+AY=
github.com/kr/text v0.2.0/go.mod h1:eLer722TekiGuMkidMxC/pM04lWEeraHUUmBw8l2grE=
github.com/oklog/ulid/v2 v2.1.0 h1:+9lhoxAP56we25tyYETBBY1YLA2SaoLvUFgrP2miPJU=
github.com/oklog/ulid/v2 v2.1.0/go.mod h1:rcEKHmBBKfef9DhnvX7y1HZBYxjXb0cP5ExxNsTT1QQ=
github.com/pborman/getopt v0.0.0-20170112200414-7148bc3a4c30/go.mod h1:85jBQOZwpVEaDAr341tbn15RS4fCAsIst0qp7i8ex1o=
github.com/peterbourgon/ff/v3 v3.3.0 h1:PaKe7GW8orVFh8Unb5jNHS+JZBwWUMa2se0HM6/BI24=
github.com/peterbourgon/ff/v3 v3.3.0/go.mod h1:zjJVUhx+twciwfDl0zBcFzl4dW8axCRyXE/eKY9RztQ=
github.com/pkg/diff v0.0.0-20210226163009-20ebb0f2a09e h1:aoZm08cpOy4WuID//EZDgcC4zIxODThtZNPirFr42+A=
github.com/pkg/diff v0.0.0-20210226163009-20ebb0f2a09e/go.mod h1:pJLUxLENpZxwdsKMEsNbx1VGcRFpLqf3715MtcvvzbA=
github.com/pmezard/go-difflib v1.0.0 h1:4DBwDE0NGyQoBHbLQYPwSUPoCMWR5BEzIk/f1lZbAQM=
github.com/pmezard/go-difflib v1.0.0/go.mod h1:iKH77koFhYxTK1pcRnkKkqfTogsbg7gZNVY4sRDYZ/4=
github.com/rogpeppe/go-internal v1.6.1/go.mod h1:xXDCJY+GAPziupqXw64V24skbSoqbTEfhy4qGm1nDQc=
github.com/rogpeppe/go-internal v1.9.0 h1:73kH8U+JUqXU8lRuOHeVHaa/SZPifC7BkcraZVejAe8=
github.com/rogpeppe/go-internal v1.9.0/go.mod h1:WtVeX8xhTBvf0smdhujwtBcq4Qrzq/fJaraNFVN+nFs=
github.com/stretchr/objx v0.1.0/go.mod h1:HFkY916IF+rwdDfMAkV7OtwuqBVzrE8GR6GFx+wExME=
golang.org/x/sync v0.0.0-20220929204114-8fcdb60fdcc0 h1:cu5kTvlzcw1Q5S9f5ip1/cpiB4nXvw1XYzFPGgzLUOY=
golang.org/x/sync v0.0.0-20220929204114-8fcdb60fdcc0/go.mod h1:RxMgew5VJxzue5/jJTE5uejpjVlOe/izrB70Jof72aM=
golang.org/x/text v0.3.7 h1:olpwvP2KacW1ZWvsR7uQhoyTYvKAupfQrRGBFM352Gk=
golang.org/x/text v0.3.7/go.mod h1:u+2+/6zg+i71rQMx5EYifcz6MCKuco9NR6JIITiCfzQ=
golang.org/x/xerrors v0.0.0-20191204190536-9bdfabe68543/go.mod h1:I/5z698sn9Ka8TeJc9MKroUUfqBBauWjQqLJ2OPfmY0=
gopkg.in/check.v1 v0.0.0-20161208181325-20d25e280405/go.mod h1:Co6ibVJAznAaIkqp8huTwlJQCZ016jof/cbN4VW5Yz0=
gopkg.in/check.v1 v1.0.0-20180628173108-788fd7840127 h1:qIbj1fsPNlZgppZ+VLlY7N33q108Sa+fhmuc+sWQYwY=
gopkg.in/check.v1 v1.0.0-20180628173108-788fd7840127/go.mod h1:Co6ibVJAznAaIkqp8huTwlJQCZ016jof/cbN4VW5Yz0=
gopkg.in/errgo.v2 v2.1.0/go.mod h1:hNsd1EY+bozCKY1Ytp96fpM3vjJbqLJn88ws8XvfDNI=
gopkg.in/yaml.v2 v2.2.8/go.mod h1:hI93XBmqTisBFMUTm0b8Fm+jr3Dg1NNxqwp+5A1VGuI=
gopkg.in/yaml.v2 v2.4.0 h1:D8xgwECY7CYvx+Y2n4sBz93Jn9JRvxdiyyo8CTfuKaY=
gopkg.in/yaml.v2 v2.4.0/go.mod h1:RDklbk79AGWmwhnvt/jBztapEOGDOx6ZbXqjP6csGnQ=
